// !$*UTF8*$!
{
	archiveVersion = 1;
	classes = {
	};
	objectVersion = 46;
	objects = {

/* Begin PBXBuildFile section */
		17C336D51C6229390023E442 /* main.m in Sources */ = {isa = PBXBuildFile; fileRef = 17C336D41C6229390023E442 /* main.m */; };
		17C336E01C6229A70023E442 /* AttackStrategy.m in Sources */ = {isa = PBXBuildFile; fileRef = 17C336DF1C6229A70023E442 /* AttackStrategy.m */; };
		17C336E31C622A2A0023E442 /* DefenceStrategy.m in Sources */ = {isa = PBXBuildFile; fileRef = 17C336E21C622A2A0023E442 /* DefenceStrategy.m */; };
		17C336E61C622A6D0023E442 /* Player.m in Sources */ = {isa = PBXBuildFile; fileRef = 17C336E51C622A6D0023E442 /* Player.m */; };
		17C336E81C622BF60023E442 /* BasicStrategy.m in Sources */ = {isa = PBXBuildFile; fileRef = 17C336E71C622BF60023E442 /* BasicStrategy.m */; };
/* End PBXBuildFile section */

/* Begin PBXCopyFilesBuildPhase section */
		17C336CF1C6229390023E442 /* CopyFiles */ = {
			isa = PBXCopyFilesBuildPhase;
			buildActionMask = 2147483647;
			dstPath = /usr/share/man/man1/;
			dstSubfolderSpec = 0;
			files = (
			);
			runOnlyForDeploymentPostprocessing = 1;
		};
/* End PBXCopyFilesBuildPhase section */

/* Begin PBXFileReference section */
		17C336D11C6229390023E442 /* Strategy */ = {isa = PBXFileReference; explicitFileType = "compiled.mach-o.executable"; includeInIndex = 0; path = Strategy; sourceTree = BUILT_PRODUCTS_DIR; };
		17C336D41C6229390023E442 /* main.m */ = {isa = PBXFileReference; lastKnownFileType = sourcecode.c.objc; path = main.m; sourceTree = "<group>"; };
		17C336DB1C6229610023E442 /* BasicStrategy.h */ = {isa = PBXFileReference; fileEncoding = 4; lastKnownFileType = sourcecode.c.h; path = BasicStrategy.h; sourceTree = "<group>"; };
		17C336DE1C6229A70023E442 /* AttackStrategy.h */ = {isa = PBXFileReference; fileEncoding = 4; lastKnownFileType = sourcecode.c.h; path = AttackStrategy.h; sourceTree = "<group>"; };
		17C336DF1C6229A70023E442 /* AttackStrategy.m */ = {isa = PBXFileReference; fileEncoding = 4; lastKnownFileType = sourcecode.c.objc; path = AttackStrategy.m; sourceTree = "<group>"; };
		17C336E11C622A2A0023E442 /* DefenceStrategy.h */ = {isa = PBXFileReference; fileEncoding = 4; lastKnownFileType = sourcecode.c.h; path = DefenceStrategy.h; sourceTree = "<group>"; };
		17C336E21C622A2A0023E442 /* DefenceStrategy.m */ = {isa = PBXFileReference; fileEncoding = 4; lastKnownFileType = sourcecode.c.objc; path = DefenceStrategy.m; sourceTree = "<group>"; };
		17C336E41C622A6D0023E442 /* Player.h */ = {isa = PBXFileReference; fileEncoding = 4; lastKnownFileType = sourcecode.c.h; path = Player.h; sourceTree = "<group>"; };
		17C336E51C622A6D0023E442 /* Player.m */ = {isa = PBXFileReference; fileEncoding = 4; lastKnownFileType = sourcecode.c.objc; path = Player.m; sourceTree = "<group>"; };
		17C336E71C622BF60023E442 /* BasicStrategy.m */ = {isa = PBXFileReference; fileEncoding = 4; lastKnownFileType = sourcecode.c.objc; path = BasicStrategy.m; sourceTree = "<group>"; };
/* End PBXFileReference section */

/* Begin PBXFrameworksBuildPhase section */
		17C336CE1C6229390023E442 /* Frameworks */ = {
			isa = PBXFrameworksBuildPhase;
			buildActionMask = 2147483647;
			files = (
			);
			runOnlyForDeploymentPostprocessing = 0;
		};
/* End PBXFrameworksBuildPhase section */

/* Begin PBXGroup section */
		17C336C81C6229390023E442 = {
			isa = PBXGroup;
			children = (
				17C336D31C6229390023E442 /* Strategy */,
				17C336D21C6229390023E442 /* Products */,
			);
			sourceTree = "<group>";
		};
		17C336D21C6229390023E442 /* Products */ = {
			isa = PBXGroup;
			children = (
				17C336D11C6229390023E442 /* Strategy */,
			);
			name = Products;
			sourceTree = "<group>";
		};
		17C336D31C6229390023E442 /* Strategy */ = {
			isa = PBXGroup;
			children = (
				17C336D41C6229390023E442 /* main.m */,
				17C336DB1C6229610023E442 /* BasicStrategy.h */,
				17C336E71C622BF60023E442 /* BasicStrategy.m */,
				17C336DE1C6229A70023E442 /* AttackStrategy.h */,
				17C336DF1C6229A70023E442 /* AttackStrategy.m */,
				17C336E11C622A2A0023E442 /* DefenceStrategy.h */,
				17C336E21C622A2A0023E442 /* DefenceStrategy.m */,
				17C336E41C622A6D0023E442 /* Player.h */,
				17C336E51C622A6D0023E442 /* Player.m */,
			);
			path = Strategy;
			sourceTree = "<group>";
		};
/* End PBXGroup section */

/* Begin PBXNativeTarget section */
		17C336D01C6229390023E442 /* Strategy */ = {
			isa = PBXNativeTarget;
			buildConfigurationList = 17C336D81C6229390023E442 /* Build configuration list for PBXNativeTarget "Strategy" */;
			buildPhases = (
				17C336CD1C6229390023E442 /* Sources */,
				17C336CE1C6229390023E442 /* Frameworks */,
				17C336CF1C6229390023E442 /* CopyFiles */,
			);
			buildRules = (
			);
			dependencies = (
			);
			name = Strategy;
			productName = Strategy;
			productReference = 17C336D11C6229390023E442 /* Strategy */;
			productType = "com.apple.product-type.tool";
		};
/* End PBXNativeTarget section */

/* Begin PBXProject section */
		17C336C91C6229390023E442 /* Project object */ = {
			isa = PBXProject;
			attributes = {
				LastUpgradeCheck = 0720;
				ORGANIZATIONNAME = "Alex Izotov";
				TargetAttributes = {
					17C336D01C6229390023E442 = {
						CreatedOnToolsVersion = 7.2;
					};
				};
			};
			buildConfigurationList = 17C336CC1C6229390023E442 /* Build configuration list for PBXProject "Strategy" */;
			compatibilityVersion = "Xcode 3.2";
			developmentRegion = English;
			hasScannedForEncodings = 0;
			knownRegions = (
				en,
			);
			mainGroup = 17C336C81C6229390023E442;
			productRefGroup = 17C336D21C6229390023E442 /* Products */;
			projectDirPath = "";
			projectRoot = "";
			targets = (
				17C336D01C6229390023E442 /* Strategy */,
			);
		};
/* End PBXProject section */

/* Begin PBXSourcesBuildPhase section */
		17C336CD1C6229390023E442 /* Sources */ = {
			isa = PBXSourcesBuildPhase;
			buildActionMask = 2147483647;
			files = (
				17C336E61C622A6D0023E442 /* Player.m in Sources */,
				17C336E81C622BF60023E442 /* BasicStrategy.m in Sources */,
				17C336E01C6229A70023E442 /* AttackStrategy.m in Sources */,
				17C336D51C6229390023E442 /* main.m in Sources */,
				17C336E31C622A2A0023E442 /* DefenceStrategy.m in Sources */,
			);
			runOnlyForDeploymentPostprocessing = 0;
		};
/* End PBXSourcesBuildPhase section */

/* Begin XCBuildConfiguration section */
		17C336D61C6229390023E442 /* Debug */ = {
			isa = XCBuildConfiguration;
			buildSettings = {
				ALWAYS_SEARCH_USER_PATHS = NO;
				CLANG_CXX_LANGUAGE_STANDARD = "gnu++0x";
				CLANG_CXX_LIBRARY = "libc++";
				CLANG_ENABLE_MODULES = YES;
				CLANG_ENABLE_OBJC_ARC = YES;
				CLANG_WARN_BOOL_CONVERSION = YES;
				CLANG_WARN_CONSTANT_CONVERSION = YES;
				CLANG_WARN_DIRECT_OBJC_ISA_USAGE = YES_ERROR;
				CLANG_WARN_EMPTY_BODY = YES;
				CLANG_WARN_ENUM_CONVERSION = YES;
				CLANG_WARN_INT_CONVERSION = YES;
				CLANG_WARN_OBJC_ROOT_CLASS = YES_ERROR;
				CLANG_WARN_UNREACHABLE_CODE = YES;
				CLANG_WARN__DUPLICATE_METHOD_MATCH = YES;
				CODE_SIGN_IDENTITY = "-";
				COPY_PHASE_STRIP = NO;
				DEBUG_INFORMATION_FORMAT = dwarf;
				ENABLE_STRICT_OBJC_MSGSEND = YES;
				ENABLE_TESTABILITY = YES;
				GCC_C_LANGUAGE_STANDARD = gnu99;
				GCC_DYNAMIC_NO_PIC = NO;
				GCC_NO_COMMON_BLOCKS = YES;
				GCC_OPTIMIZATION_LEVEL = 0;
				GCC_PREPROCESSOR_DEFINITIONS = (
					"DEBUG=1",
					"$(inherited)",
				);
				GCC_WARN_64_TO_32_BIT_CONVERSION = YES;
				GCC_WARN_ABOUT_RETURN_TYPE = YES_ERROR;
				GCC_WARN_UNDECLARED_SELECTOR = YES;
				GCC_WARN_UNINITIALIZED_AUTOS = YES_AGGRESSIVE;
				GCC_WARN_UNUSED_FUNCTION = YES;
				GCC_WARN_UNUSED_VARIABLE = YES;
				MACOSX_DEPLOYMENT_TARGET = 10.10;
				MTL_ENABLE_DEBUG_INFO = YES;
				ONLY_ACTIVE_ARCH = YES;
				SDKROOT = macosx;
			};
			name = Debug;
		};
		17C336D71C6229390023E442 /* Release */ = {
			isa = XCBuildConfiguration;
			buildSettings = {
				ALWAYS_SEARCH_USER_PATHS = NO;
				CLANG_CXX_LANGUAGE_STANDARD = "gnu++0x";
				CLANG_CXX_LIBRARY = "libc++";
				CLANG_ENABLE_MODULES = YES;
				CLANG_ENABLE_OBJC_ARC = YES;
				CLANG_WARN_BOOL_CONVERSION = YES;
				CLANG_WARN_CONSTANT_CONVERSION = YES;
				CLANG_WARN_DIRECT_OBJC_ISA_USAGE = YES_ERROR;
				CLANG_WARN_EMPTY_BODY = YES;
				CLANG_WARN_ENUM_CONVERSION = YES;
				CLANG_WARN_INT_CONVERSION = YES;
				CLANG_WARN_OBJC_ROOT_CLASS = YES_ERROR;
				CLANG_WARN_UNREACHABLE_CODE = YES;
				CLANG_WARN__DUPLICATE_METHOD_MATCH = YES;
				CODE_SIGN_IDENTITY = "-";
				COPY_PHASE_STRIP = NO;
				DEBUG_INFORMATION_FORMAT = "dwarf-with-dsym";
				ENABLE_NS_ASSERTIONS = NO;
				ENABLE_STRICT_OBJC_MSGSEND = YES;
				GCC_C_LANGUAGE_STANDARD = gnu99;
				GCC_NO_COMMON_BLOCKS = YES;
				GCC_WARN_64_TO_32_BIT_CONVERSION = YES;
				GCC_WARN_ABOUT_RETURN_TYPE = YES_ERROR;
				GCC_WARN_UNDECLARED_SELECTOR = YES;
				GCC_WARN_UNINITIALIZED_AUTOS = YES_AGGRESSIVE;
				GCC_WARN_UNUSED_FUNCTION = YES;
				GCC_WARN_UNUSED_VARIABLE = YES;
				MACOSX_DEPLOYMENT_TARGET = 10.10;
				MTL_ENABLE_DEBUG_INFO = NO;
				SDKROOT = macosx;
			};
			name = Release;
		};
		17C336D91C6229390023E442 /* Debug */ = {
			isa = XCBuildConfiguration;
			buildSettings = {
				PRODUCT_NAME = "$(TARGET_NAME)";
			};
			name = Debug;
		};
		17C336DA1C6229390023E442 /* Release */ = {
			isa = XCBuildConfiguration;
			buildSettings = {
				PRODUCT_NAME = "$(TARGET_NAME)";
			};
			name = Release;
		};
/* End XCBuildConfiguration section */

/* Begin XCConfigurationList section */
		17C336CC1C6229390023E442 /* Build configuration list for PBXProject "Strategy" */ = {
			isa = XCConfigurationList;
			buildConfigurations = (
				17C336D61C6229390023E442 /* Debug */,
				17C336D71C6229390023E442 /* Release */,
			);
			defaultConfigurationIsVisible = 0;
			defaultConfigurationName = Release;
		};
		17C336D81C6229390023E442 /* Build configuration list for PBXNativeTarget "Strategy" */ = {
			isa = XCConfigurationList;
			buildConfigurations = (
				17C336D91C6229390023E442 /* Debug */,
				17C336DA1C6229390023E442 /* Release */,
			);
			defaultConfigurationIsVisible = 0;
		};
/* End XCConfigurationList section */
	};
	rootObject = 17C336C91C6229390023E442 /* Project object */;
}
