// !$*UTF8*$!
{
	archiveVersion = 1;
	classes = {
	};
	objectVersion = 46;
	objects = {

/* Begin PBXBuildFile section */
		1730E2C91C6148B400DD47BE /* Toy.m in Sources */ = {isa = PBXBuildFile; fileRef = 1730E2C81C6148B400DD47BE /* Toy.m */; };
		1730E2CC1C6148E500DD47BE /* Dress.m in Sources */ = {isa = PBXBuildFile; fileRef = 1730E2CB1C6148E500DD47BE /* Dress.m */; };
		1730E2CF1C61491E00DD47BE /* ProductGenerator.m in Sources */ = {isa = PBXBuildFile; fileRef = 1730E2CE1C61491E00DD47BE /* ProductGenerator.m */; };
		17DD010B1C6147EF00D04D1D /* main.m in Sources */ = {isa = PBXBuildFile; fileRef = 17DD010A1C6147EF00D04D1D /* main.m */; };
		17DD01131C61481300D04D1D /* Product.m in Sources */ = {isa = PBXBuildFile; fileRef = 17DD01121C61481300D04D1D /* Product.m */; };
/* End PBXBuildFile section */

/* Begin PBXCopyFilesBuildPhase section */
		17DD01051C6147EE00D04D1D /* CopyFiles */ = {
			isa = PBXCopyFilesBuildPhase;
			buildActionMask = 2147483647;
			dstPath = /usr/share/man/man1/;
			dstSubfolderSpec = 0;
			files = (
			);
			runOnlyForDeploymentPostprocessing = 1;
		};
/* End PBXCopyFilesBuildPhase section */

/* Begin PBXFileReference section */
		1730E2C71C6148B400DD47BE /* Toy.h */ = {isa = PBXFileReference; fileEncoding = 4; lastKnownFileType = sourcecode.c.h; path = Toy.h; sourceTree = "<group>"; };
		1730E2C81C6148B400DD47BE /* Toy.m */ = {isa = PBXFileReference; fileEncoding = 4; lastKnownFileType = sourcecode.c.objc; path = Toy.m; sourceTree = "<group>"; };
		1730E2CA1C6148E500DD47BE /* Dress.h */ = {isa = PBXFileReference; fileEncoding = 4; lastKnownFileType = sourcecode.c.h; path = Dress.h; sourceTree = "<group>"; };
		1730E2CB1C6148E500DD47BE /* Dress.m */ = {isa = PBXFileReference; fileEncoding = 4; lastKnownFileType = sourcecode.c.objc; path = Dress.m; sourceTree = "<group>"; };
		1730E2CD1C61491E00DD47BE /* ProductGenerator.h */ = {isa = PBXFileReference; fileEncoding = 4; lastKnownFileType = sourcecode.c.h; path = ProductGenerator.h; sourceTree = "<group>"; };
		1730E2CE1C61491E00DD47BE /* ProductGenerator.m */ = {isa = PBXFileReference; fileEncoding = 4; lastKnownFileType = sourcecode.c.objc; path = ProductGenerator.m; sourceTree = "<group>"; };
		17DD01071C6147EF00D04D1D /* Factory Method */ = {isa = PBXFileReference; explicitFileType = "compiled.mach-o.executable"; includeInIndex = 0; path = "Factory Method"; sourceTree = BUILT_PRODUCTS_DIR; };
		17DD010A1C6147EF00D04D1D /* main.m */ = {isa = PBXFileReference; lastKnownFileType = sourcecode.c.objc; path = main.m; sourceTree = "<group>"; };
		17DD01111C61481300D04D1D /* Product.h */ = {isa = PBXFileReference; fileEncoding = 4; lastKnownFileType = sourcecode.c.h; path = Product.h; sourceTree = "<group>"; };
		17DD01121C61481300D04D1D /* Product.m */ = {isa = PBXFileReference; fileEncoding = 4; lastKnownFileType = sourcecode.c.objc; path = Product.m; sourceTree = "<group>"; };
/* End PBXFileReference section */

/* Begin PBXFrameworksBuildPhase section */
		17DD01041C6147EE00D04D1D /* Frameworks */ = {
			isa = PBXFrameworksBuildPhase;
			buildActionMask = 2147483647;
			files = (
			);
			runOnlyForDeploymentPostprocessing = 0;
		};
/* End PBXFrameworksBuildPhase section */

/* Begin PBXGroup section */
		17DD00FE1C6147EE00D04D1D = {
			isa = PBXGroup;
			children = (
				17DD01091C6147EF00D04D1D /* Factory Method */,
				17DD01081C6147EF00D04D1D /* Products */,
			);
			sourceTree = "<group>";
		};
		17DD01081C6147EF00D04D1D /* Products */ = {
			isa = PBXGroup;
			children = (
				17DD01071C6147EF00D04D1D /* Factory Method */,
			);
			name = Products;
			sourceTree = "<group>";
		};
		17DD01091C6147EF00D04D1D /* Factory Method */ = {
			isa = PBXGroup;
			children = (
				17DD010A1C6147EF00D04D1D /* main.m */,
				17DD01111C61481300D04D1D /* Product.h */,
				17DD01121C61481300D04D1D /* Product.m */,
				1730E2C71C6148B400DD47BE /* Toy.h */,
				1730E2C81C6148B400DD47BE /* Toy.m */,
				1730E2CA1C6148E500DD47BE /* Dress.h */,
				1730E2CB1C6148E500DD47BE /* Dress.m */,
				1730E2CD1C61491E00DD47BE /* ProductGenerator.h */,
				1730E2CE1C61491E00DD47BE /* ProductGenerator.m */,
			);
			path = "Factory Method";
			sourceTree = "<group>";
		};
/* End PBXGroup section */

/* Begin PBXNativeTarget section */
		17DD01061C6147EE00D04D1D /* Factory Method */ = {
			isa = PBXNativeTarget;
			buildConfigurationList = 17DD010E1C6147EF00D04D1D /* Build configuration list for PBXNativeTarget "Factory Method" */;
			buildPhases = (
				17DD01031C6147EE00D04D1D /* Sources */,
				17DD01041C6147EE00D04D1D /* Frameworks */,
				17DD01051C6147EE00D04D1D /* CopyFiles */,
			);
			buildRules = (
			);
			dependencies = (
			);
			name = "Factory Method";
			productName = "Factory Method";
			productReference = 17DD01071C6147EF00D04D1D /* Factory Method */;
			productType = "com.apple.product-type.tool";
		};
/* End PBXNativeTarget section */

/* Begin PBXProject section */
		17DD00FF1C6147EE00D04D1D /* Project object */ = {
			isa = PBXProject;
			attributes = {
				LastUpgradeCheck = 0720;
				ORGANIZATIONNAME = "Alex Izotov";
				TargetAttributes = {
					17DD01061C6147EE00D04D1D = {
						CreatedOnToolsVersion = 7.2;
					};
				};
			};
			buildConfigurationList = 17DD01021C6147EE00D04D1D /* Build configuration list for PBXProject "Factory Method" */;
			compatibilityVersion = "Xcode 3.2";
			developmentRegion = English;
			hasScannedForEncodings = 0;
			knownRegions = (
				en,
			);
			mainGroup = 17DD00FE1C6147EE00D04D1D;
			productRefGroup = 17DD01081C6147EF00D04D1D /* Products */;
			projectDirPath = "";
			projectRoot = "";
			targets = (
				17DD01061C6147EE00D04D1D /* Factory Method */,
			);
		};
/* End PBXProject section */

/* Begin PBXSourcesBuildPhase section */
		17DD01031C6147EE00D04D1D /* Sources */ = {
			isa = PBXSourcesBuildPhase;
			buildActionMask = 2147483647;
			files = (
				1730E2C91C6148B400DD47BE /* Toy.m in Sources */,
				17DD010B1C6147EF00D04D1D /* main.m in Sources */,
				17DD01131C61481300D04D1D /* Product.m in Sources */,
				1730E2CC1C6148E500DD47BE /* Dress.m in Sources */,
				1730E2CF1C61491E00DD47BE /* ProductGenerator.m in Sources */,
			);
			runOnlyForDeploymentPostprocessing = 0;
		};
/* End PBXSourcesBuildPhase section */

/* Begin XCBuildConfiguration section */
		17DD010C1C6147EF00D04D1D /* Debug */ = {
			isa = XCBuildConfiguration;
			buildSettings = {
				ALWAYS_SEARCH_USER_PATHS = NO;
				CLANG_CXX_LANGUAGE_STANDARD = "gnu++0x";
				CLANG_CXX_LIBRARY = "libc++";
				CLANG_ENABLE_MODULES = YES;
				CLANG_ENABLE_OBJC_ARC = YES;
				CLANG_WARN_BOOL_CONVERSION = YES;
				CLANG_WARN_CONSTANT_CONVERSION = YES;
				CLANG_WARN_DIRECT_OBJC_ISA_USAGE = YES_ERROR;
				CLANG_WARN_EMPTY_BODY = YES;
				CLANG_WARN_ENUM_CONVERSION = YES;
				CLANG_WARN_INT_CONVERSION = YES;
				CLANG_WARN_OBJC_ROOT_CLASS = YES_ERROR;
				CLANG_WARN_UNREACHABLE_CODE = YES;
				CLANG_WARN__DUPLICATE_METHOD_MATCH = YES;
				CODE_SIGN_IDENTITY = "-";
				COPY_PHASE_STRIP = NO;
				DEBUG_INFORMATION_FORMAT = dwarf;
				ENABLE_STRICT_OBJC_MSGSEND = YES;
				ENABLE_TESTABILITY = YES;
				GCC_C_LANGUAGE_STANDARD = gnu99;
				GCC_DYNAMIC_NO_PIC = NO;
				GCC_NO_COMMON_BLOCKS = YES;
				GCC_OPTIMIZATION_LEVEL = 0;
				GCC_PREPROCESSOR_DEFINITIONS = (
					"DEBUG=1",
					"$(inherited)",
				);
				GCC_WARN_64_TO_32_BIT_CONVERSION = YES;
				GCC_WARN_ABOUT_RETURN_TYPE = YES_ERROR;
				GCC_WARN_UNDECLARED_SELECTOR = YES;
				GCC_WARN_UNINITIALIZED_AUTOS = YES_AGGRESSIVE;
				GCC_WARN_UNUSED_FUNCTION = YES;
				GCC_WARN_UNUSED_VARIABLE = YES;
				MACOSX_DEPLOYMENT_TARGET = 10.10;
				MTL_ENABLE_DEBUG_INFO = YES;
				ONLY_ACTIVE_ARCH = YES;
				SDKROOT = macosx;
			};
			name = Debug;
		};
		17DD010D1C6147EF00D04D1D /* Release */ = {
			isa = XCBuildConfiguration;
			buildSettings = {
				ALWAYS_SEARCH_USER_PATHS = NO;
				CLANG_CXX_LANGUAGE_STANDARD = "gnu++0x";
				CLANG_CXX_LIBRARY = "libc++";
				CLANG_ENABLE_MODULES = YES;
				CLANG_ENABLE_OBJC_ARC = YES;
				CLANG_WARN_BOOL_CONVERSION = YES;
				CLANG_WARN_CONSTANT_CONVERSION = YES;
				CLANG_WARN_DIRECT_OBJC_ISA_USAGE = YES_ERROR;
				CLANG_WARN_EMPTY_BODY = YES;
				CLANG_WARN_ENUM_CONVERSION = YES;
				CLANG_WARN_INT_CONVERSION = YES;
				CLANG_WARN_OBJC_ROOT_CLASS = YES_ERROR;
				CLANG_WARN_UNREACHABLE_CODE = YES;
				CLANG_WARN__DUPLICATE_METHOD_MATCH = YES;
				CODE_SIGN_IDENTITY = "-";
				COPY_PHASE_STRIP = NO;
				DEBUG_INFORMATION_FORMAT = "dwarf-with-dsym";
				ENABLE_NS_ASSERTIONS = NO;
				ENABLE_STRICT_OBJC_MSGSEND = YES;
				GCC_C_LANGUAGE_STANDARD = gnu99;
				GCC_NO_COMMON_BLOCKS = YES;
				GCC_WARN_64_TO_32_BIT_CONVERSION = YES;
				GCC_WARN_ABOUT_RETURN_TYPE = YES_ERROR;
				GCC_WARN_UNDECLARED_SELECTOR = YES;
				GCC_WARN_UNINITIALIZED_AUTOS = YES_AGGRESSIVE;
				GCC_WARN_UNUSED_FUNCTION = YES;
				GCC_WARN_UNUSED_VARIABLE = YES;
				MACOSX_DEPLOYMENT_TARGET = 10.10;
				MTL_ENABLE_DEBUG_INFO = NO;
				SDKROOT = macosx;
			};
			name = Release;
		};
		17DD010F1C6147EF00D04D1D /* Debug */ = {
			isa = XCBuildConfiguration;
			buildSettings = {
				PRODUCT_NAME = "$(TARGET_NAME)";
			};
			name = Debug;
		};
		17DD01101C6147EF00D04D1D /* Release */ = {
			isa = XCBuildConfiguration;
			buildSettings = {
				PRODUCT_NAME = "$(TARGET_NAME)";
			};
			name = Release;
		};
/* End XCBuildConfiguration section */

/* Begin XCConfigurationList section */
		17DD01021C6147EE00D04D1D /* Build configuration list for PBXProject "Factory Method" */ = {
			isa = XCConfigurationList;
			buildConfigurations = (
				17DD010C1C6147EF00D04D1D /* Debug */,
				17DD010D1C6147EF00D04D1D /* Release */,
			);
			defaultConfigurationIsVisible = 0;
			defaultConfigurationName = Release;
		};
		17DD010E1C6147EF00D04D1D /* Build configuration list for PBXNativeTarget "Factory Method" */ = {
			isa = XCConfigurationList;
			buildConfigurations = (
				17DD010F1C6147EF00D04D1D /* Debug */,
				17DD01101C6147EF00D04D1D /* Release */,
			);
			defaultConfigurationIsVisible = 0;
			defaultConfigurationName = Release;
		};
/* End XCConfigurationList section */
	};
	rootObject = 17DD00FF1C6147EE00D04D1D /* Project object */;
}
